
Microsoft Visual Studio Solution File, Format Version 12.00
# Visual Studio 15
VisualStudioVersion = 15.0.28307.572
MinimumVisualStudioVersion = 10.0.40219.1
Project("{2150E333-8FDC-42A3-9474-1A3956D46DE8}") = "misc", "misc", "{0080EF1F-A652-4498-BE59-F3FFFB3F33B2}"
	ProjectSection(SolutionItems) = preProject
		.gitignore = .gitignore
		.travis.yml = .travis.yml
		LICENSE = LICENSE
		README.md = README.md
	EndProjectSection
EndProject
Project("{9A19103F-16F7-4668-BE54-9A1E7A4F7556}") = "magic.lambda.json", "magic.lambda.json\magic.lambda.json.csproj", "{80E6474F-903A-4981-956D-F7831538C38F}"
EndProject
Project("{9A19103F-16F7-4668-BE54-9A1E7A4F7556}") = "magic.lambda.json.tests", "magic.lambda.json.tests\magic.lambda.json.tests.csproj", "{CF60F819-466A-4E92-A80F-A4FFAD8FC09E}"
EndProject
Global
	GlobalSection(SolutionConfigurationPlatforms) = preSolution
		Debug|Any CPU = Debug|Any CPU
		Release|Any CPU = Release|Any CPU
	EndGlobalSection
	GlobalSection(ProjectConfigurationPlatforms) = postSolution
		{80E6474F-903A-4981-956D-F7831538C38F}.Debug|Any CPU.ActiveCfg = Debug|Any CPU
		{80E6474F-903A-4981-956D-F7831538C38F}.Debug|Any CPU.Build.0 = Debug|Any CPU
		{80E6474F-903A-4981-956D-F7831538C38F}.Release|Any CPU.ActiveCfg = Release|Any CPU
		{80E6474F-903A-4981-956D-F7831538C38F}.Release|Any CPU.Build.0 = Release|Any CPU
		{CF60F819-466A-4E92-A80F-A4FFAD8FC09E}.Debug|Any CPU.ActiveCfg = Debug|Any CPU
		{CF60F819-466A-4E92-A80F-A4FFAD8FC09E}.Debug|Any CPU.Build.0 = Debug|Any CPU
		{CF60F819-466A-4E92-A80F-A4FFAD8FC09E}.Release|Any CPU.ActiveCfg = Release|Any CPU
		{CF60F819-466A-4E92-A80F-A4FFAD8FC09E}.Release|Any CPU.Build.0 = Release|Any CPU
	EndGlobalSection
	GlobalSection(SolutionProperties) = preSolution
		HideSolutionNode = FALSE
	EndGlobalSection
	GlobalSection(ExtensibilityGlobals) = postSolution
		SolutionGuid = {A0E61469-66E6-4658-BFAE-781AEE9657E2}
	EndGlobalSection
EndGlobal
